// !$*UTF8*$!
{
	archiveVersion = 1;
	classes = {
	};
	objectVersion = 50;
	objects = {

/* Begin PBXBuildFile section */
		BAEA26A12360939A0066ADE3 /* AppDelegate.swift in Sources */ = {isa = PBXBuildFile; fileRef = BAEA26A02360939A0066ADE3 /* AppDelegate.swift */; };
		BAEA26A32360939A0066ADE3 /* SceneDelegate.swift in Sources */ = {isa = PBXBuildFile; fileRef = BAEA26A22360939A0066ADE3 /* SceneDelegate.swift */; };
		BAEA26A62360939A0066ADE3 /* cs_441___multiple_view.xcdatamodeld in Sources */ = {isa = PBXBuildFile; fileRef = BAEA26A42360939A0066ADE3 /* cs_441___multiple_view.xcdatamodeld */; };
		BAEA26A82360939A0066ADE3 /* ContentView.swift in Sources */ = {isa = PBXBuildFile; fileRef = BAEA26A72360939A0066ADE3 /* ContentView.swift */; };
		BAEA26AA2360939B0066ADE3 /* Assets.xcassets in Resources */ = {isa = PBXBuildFile; fileRef = BAEA26A92360939B0066ADE3 /* Assets.xcassets */; };
		BAEA26AD2360939C0066ADE3 /* Preview Assets.xcassets in Resources */ = {isa = PBXBuildFile; fileRef = BAEA26AC2360939C0066ADE3 /* Preview Assets.xcassets */; };
		BAEA26B02360939C0066ADE3 /* LaunchScreen.storyboard in Resources */ = {isa = PBXBuildFile; fileRef = BAEA26AE2360939C0066ADE3 /* LaunchScreen.storyboard */; };
		BAEA26BB2360939C0066ADE3 /* cs_441___multiple_viewTests.swift in Sources */ = {isa = PBXBuildFile; fileRef = BAEA26BA2360939C0066ADE3 /* cs_441___multiple_viewTests.swift */; };
		BAEA26C62360939C0066ADE3 /* cs_441___multiple_viewUITests.swift in Sources */ = {isa = PBXBuildFile; fileRef = BAEA26C52360939C0066ADE3 /* cs_441___multiple_viewUITests.swift */; };
/* End PBXBuildFile section */

/* Begin PBXContainerItemProxy section */
		BAEA26B72360939C0066ADE3 /* PBXContainerItemProxy */ = {
			isa = PBXContainerItemProxy;
			containerPortal = BAEA26952360939A0066ADE3 /* Project object */;
			proxyType = 1;
			remoteGlobalIDString = BAEA269C2360939A0066ADE3;
			remoteInfo = "cs 441 - multiple view";
		};
		BAEA26C22360939C0066ADE3 /* PBXContainerItemProxy */ = {
			isa = PBXContainerItemProxy;
			containerPortal = BAEA26952360939A0066ADE3 /* Project object */;
			proxyType = 1;
			remoteGlobalIDString = BAEA269C2360939A0066ADE3;
			remoteInfo = "cs 441 - multiple view";
		};
/* End PBXContainerItemProxy section */

/* Begin PBXFileReference section */
		BAEA269D2360939A0066ADE3 /* cs 441 - multiple view.app */ = {isa = PBXFileReference; explicitFileType = wrapper.application; includeInIndex = 0; path = "cs 441 - multiple view.app"; sourceTree = BUILT_PRODUCTS_DIR; };
		BAEA26A02360939A0066ADE3 /* AppDelegate.swift */ = {isa = PBXFileReference; lastKnownFileType = sourcecode.swift; path = AppDelegate.swift; sourceTree = "<group>"; };
		BAEA26A22360939A0066ADE3 /* SceneDelegate.swift */ = {isa = PBXFileReference; lastKnownFileType = sourcecode.swift; path = SceneDelegate.swift; sourceTree = "<group>"; };
		BAEA26A52360939A0066ADE3 /* cs_441___multiple_view.xcdatamodel */ = {isa = PBXFileReference; lastKnownFileType = wrapper.xcdatamodel; path = "cs_441___multiple_view.xcdatamodel"; sourceTree = "<group>"; };
		BAEA26A72360939A0066ADE3 /* ContentView.swift */ = {isa = PBXFileReference; lastKnownFileType = sourcecode.swift; path = ContentView.swift; sourceTree = "<group>"; };
		BAEA26A92360939B0066ADE3 /* Assets.xcassets */ = {isa = PBXFileReference; lastKnownFileType = folder.assetcatalog; path = Assets.xcassets; sourceTree = "<group>"; };
		BAEA26AC2360939C0066ADE3 /* Preview Assets.xcassets */ = {isa = PBXFileReference; lastKnownFileType = folder.assetcatalog; path = "Preview Assets.xcassets"; sourceTree = "<group>"; };
		BAEA26AF2360939C0066ADE3 /* Base */ = {isa = PBXFileReference; lastKnownFileType = file.storyboard; name = Base; path = Base.lproj/LaunchScreen.storyboard; sourceTree = "<group>"; };
		BAEA26B12360939C0066ADE3 /* Info.plist */ = {isa = PBXFileReference; lastKnownFileType = text.plist.xml; path = Info.plist; sourceTree = "<group>"; };
		BAEA26B62360939C0066ADE3 /* cs 441 - multiple viewTests.xctest */ = {isa = PBXFileReference; explicitFileType = wrapper.cfbundle; includeInIndex = 0; path = "cs 441 - multiple viewTests.xctest"; sourceTree = BUILT_PRODUCTS_DIR; };
		BAEA26BA2360939C0066ADE3 /* cs_441___multiple_viewTests.swift */ = {isa = PBXFileReference; lastKnownFileType = sourcecode.swift; path = "cs_441___multiple_viewTests.swift"; sourceTree = "<group>"; };
		BAEA26BC2360939C0066ADE3 /* Info.plist */ = {isa = PBXFileReference; lastKnownFileType = text.plist.xml; path = Info.plist; sourceTree = "<group>"; };
		BAEA26C12360939C0066ADE3 /* cs 441 - multiple viewUITests.xctest */ = {isa = PBXFileReference; explicitFileType = wrapper.cfbundle; includeInIndex = 0; path = "cs 441 - multiple viewUITests.xctest"; sourceTree = BUILT_PRODUCTS_DIR; };
		BAEA26C52360939C0066ADE3 /* cs_441___multiple_viewUITests.swift */ = {isa = PBXFileReference; lastKnownFileType = sourcecode.swift; path = "cs_441___multiple_viewUITests.swift"; sourceTree = "<group>"; };
		BAEA26C72360939C0066ADE3 /* Info.plist */ = {isa = PBXFileReference; lastKnownFileType = text.plist.xml; path = Info.plist; sourceTree = "<group>"; };
/* End PBXFileReference section */

/* Begin PBXFrameworksBuildPhase section */
		BAEA269A2360939A0066ADE3 /* Frameworks */ = {
			isa = PBXFrameworksBuildPhase;
			buildActionMask = 2147483647;
			files = (
			);
			runOnlyForDeploymentPostprocessing = 0;
		};
		BAEA26B32360939C0066ADE3 /* Frameworks */ = {
			isa = PBXFrameworksBuildPhase;
			buildActionMask = 2147483647;
			files = (
			);
			runOnlyForDeploymentPostprocessing = 0;
		};
		BAEA26BE2360939C0066ADE3 /* Frameworks */ = {
			isa = PBXFrameworksBuildPhase;
			buildActionMask = 2147483647;
			files = (
			);
			runOnlyForDeploymentPostprocessing = 0;
		};
/* End PBXFrameworksBuildPhase section */

/* Begin PBXGroup section */
		BAEA26942360939A0066ADE3 = {
			isa = PBXGroup;
			children = (
				BAEA269F2360939A0066ADE3 /* cs 441 - multiple view */,
				BAEA26B92360939C0066ADE3 /* cs 441 - multiple viewTests */,
				BAEA26C42360939C0066ADE3 /* cs 441 - multiple viewUITests */,
				BAEA269E2360939A0066ADE3 /* Products */,
			);
			sourceTree = "<group>";
		};
		BAEA269E2360939A0066ADE3 /* Products */ = {
			isa = PBXGroup;
			children = (
				BAEA269D2360939A0066ADE3 /* cs 441 - multiple view.app */,
				BAEA26B62360939C0066ADE3 /* cs 441 - multiple viewTests.xctest */,
				BAEA26C12360939C0066ADE3 /* cs 441 - multiple viewUITests.xctest */,
			);
			name = Products;
			sourceTree = "<group>";
		};
		BAEA269F2360939A0066ADE3 /* cs 441 - multiple view */ = {
			isa = PBXGroup;
			children = (
				BAEA26A02360939A0066ADE3 /* AppDelegate.swift */,
				BAEA26A22360939A0066ADE3 /* SceneDelegate.swift */,
				BAEA26A72360939A0066ADE3 /* ContentView.swift */,
				BAEA26A92360939B0066ADE3 /* Assets.xcassets */,
				BAEA26AE2360939C0066ADE3 /* LaunchScreen.storyboard */,
				BAEA26B12360939C0066ADE3 /* Info.plist */,
				BAEA26A42360939A0066ADE3 /* cs_441___multiple_view.xcdatamodeld */,
				BAEA26AB2360939C0066ADE3 /* Preview Content */,
			);
			path = "cs 441 - multiple view";
			sourceTree = "<group>";
		};
		BAEA26AB2360939C0066ADE3 /* Preview Content */ = {
			isa = PBXGroup;
			children = (
				BAEA26AC2360939C0066ADE3 /* Preview Assets.xcassets */,
			);
			path = "Preview Content";
			sourceTree = "<group>";
		};
		BAEA26B92360939C0066ADE3 /* cs 441 - multiple viewTests */ = {
			isa = PBXGroup;
			children = (
				BAEA26BA2360939C0066ADE3 /* cs_441___multiple_viewTests.swift */,
				BAEA26BC2360939C0066ADE3 /* Info.plist */,
			);
			path = "cs 441 - multiple viewTests";
			sourceTree = "<group>";
		};
		BAEA26C42360939C0066ADE3 /* cs 441 - multiple viewUITests */ = {
			isa = PBXGroup;
			children = (
				BAEA26C52360939C0066ADE3 /* cs_441___multiple_viewUITests.swift */,
				BAEA26C72360939C0066ADE3 /* Info.plist */,
			);
			path = "cs 441 - multiple viewUITests";
			sourceTree = "<group>";
		};
/* End PBXGroup section */

/* Begin PBXNativeTarget section */
		BAEA269C2360939A0066ADE3 /* cs 441 - multiple view */ = {
			isa = PBXNativeTarget;
			buildConfigurationList = BAEA26CA2360939C0066ADE3 /* Build configuration list for PBXNativeTarget "cs 441 - multiple view" */;
			buildPhases = (
				BAEA26992360939A0066ADE3 /* Sources */,
				BAEA269A2360939A0066ADE3 /* Frameworks */,
				BAEA269B2360939A0066ADE3 /* Resources */,
			);
			buildRules = (
			);
			dependencies = (
			);
			name = "cs 441 - multiple view";
			productName = "cs 441 - multiple view";
			productReference = BAEA269D2360939A0066ADE3 /* cs 441 - multiple view.app */;
			productType = "com.apple.product-type.application";
		};
		BAEA26B52360939C0066ADE3 /* cs 441 - multiple viewTests */ = {
			isa = PBXNativeTarget;
			buildConfigurationList = BAEA26CD2360939C0066ADE3 /* Build configuration list for PBXNativeTarget "cs 441 - multiple viewTests" */;
			buildPhases = (
				BAEA26B22360939C0066ADE3 /* Sources */,
				BAEA26B32360939C0066ADE3 /* Frameworks */,
				BAEA26B42360939C0066ADE3 /* Resources */,
			);
			buildRules = (
			);
			dependencies = (
				BAEA26B82360939C0066ADE3 /* PBXTargetDependency */,
			);
			name = "cs 441 - multiple viewTests";
			productName = "cs 441 - multiple viewTests";
			productReference = BAEA26B62360939C0066ADE3 /* cs 441 - multiple viewTests.xctest */;
			productType = "com.apple.product-type.bundle.unit-test";
		};
		BAEA26C02360939C0066ADE3 /* cs 441 - multiple viewUITests */ = {
			isa = PBXNativeTarget;
			buildConfigurationList = BAEA26D02360939C0066ADE3 /* Build configuration list for PBXNativeTarget "cs 441 - multiple viewUITests" */;
			buildPhases = (
				BAEA26BD2360939C0066ADE3 /* Sources */,
				BAEA26BE2360939C0066ADE3 /* Frameworks */,
				BAEA26BF2360939C0066ADE3 /* Resources */,
			);
			buildRules = (
			);
			dependencies = (
				BAEA26C32360939C0066ADE3 /* PBXTargetDependency */,
			);
			name = "cs 441 - multiple viewUITests";
			productName = "cs 441 - multiple viewUITests";
			productReference = BAEA26C12360939C0066ADE3 /* cs 441 - multiple viewUITests.xctest */;
			productType = "com.apple.product-type.bundle.ui-testing";
		};
/* End PBXNativeTarget section */

/* Begin PBXProject section */
		BAEA26952360939A0066ADE3 /* Project object */ = {
			isa = PBXProject;
			attributes = {
				LastSwiftUpdateCheck = 1110;
				LastUpgradeCheck = 1110;
				ORGANIZATIONNAME = "Henry Chen";
				TargetAttributes = {
					BAEA269C2360939A0066ADE3 = {
						CreatedOnToolsVersion = 11.1;
					};
					BAEA26B52360939C0066ADE3 = {
						CreatedOnToolsVersion = 11.1;
						TestTargetID = BAEA269C2360939A0066ADE3;
					};
					BAEA26C02360939C0066ADE3 = {
						CreatedOnToolsVersion = 11.1;
						TestTargetID = BAEA269C2360939A0066ADE3;
					};
				};
			};
			buildConfigurationList = BAEA26982360939A0066ADE3 /* Build configuration list for PBXProject "cs 441 - multiple view" */;
			compatibilityVersion = "Xcode 9.3";
			developmentRegion = en;
			hasScannedForEncodings = 0;
			knownRegions = (
				en,
				Base,
			);
			mainGroup = BAEA26942360939A0066ADE3;
			productRefGroup = BAEA269E2360939A0066ADE3 /* Products */;
			projectDirPath = "";
			projectRoot = "";
			targets = (
				BAEA269C2360939A0066ADE3 /* cs 441 - multiple view */,
				BAEA26B52360939C0066ADE3 /* cs 441 - multiple viewTests */,
				BAEA26C02360939C0066ADE3 /* cs 441 - multiple viewUITests */,
			);
		};
/* End PBXProject section */

/* Begin PBXResourcesBuildPhase section */
		BAEA269B2360939A0066ADE3 /* Resources */ = {
			isa = PBXResourcesBuildPhase;
			buildActionMask = 2147483647;
			files = (
				BAEA26B02360939C0066ADE3 /* LaunchScreen.storyboard in Resources */,
				BAEA26AD2360939C0066ADE3 /* Preview Assets.xcassets in Resources */,
				BAEA26AA2360939B0066ADE3 /* Assets.xcassets in Resources */,
			);
			runOnlyForDeploymentPostprocessing = 0;
		};
		BAEA26B42360939C0066ADE3 /* Resources */ = {
			isa = PBXResourcesBuildPhase;
			buildActionMask = 2147483647;
			files = (
			);
			runOnlyForDeploymentPostprocessing = 0;
		};
		BAEA26BF2360939C0066ADE3 /* Resources */ = {
			isa = PBXResourcesBuildPhase;
			buildActionMask = 2147483647;
			files = (
			);
			runOnlyForDeploymentPostprocessing = 0;
		};
/* End PBXResourcesBuildPhase section */

/* Begin PBXSourcesBuildPhase section */
		BAEA26992360939A0066ADE3 /* Sources */ = {
			isa = PBXSourcesBuildPhase;
			buildActionMask = 2147483647;
			files = (
				BAEA26A12360939A0066ADE3 /* AppDelegate.swift in Sources */,
				BAEA26A62360939A0066ADE3 /* cs_441___multiple_view.xcdatamodeld in Sources */,
				BAEA26A82360939A0066ADE3 /* ContentView.swift in Sources */,
				BAEA26A32360939A0066ADE3 /* SceneDelegate.swift in Sources */,
			);
			runOnlyForDeploymentPostprocessing = 0;
		};
		BAEA26B22360939C0066ADE3 /* Sources */ = {
			isa = PBXSourcesBuildPhase;
			buildActionMask = 2147483647;
			files = (
				BAEA26BB2360939C0066ADE3 /* cs_441___multiple_viewTests.swift in Sources */,
			);
			runOnlyForDeploymentPostprocessing = 0;
		};
		BAEA26BD2360939C0066ADE3 /* Sources */ = {
			isa = PBXSourcesBuildPhase;
			buildActionMask = 2147483647;
			files = (
				BAEA26C62360939C0066ADE3 /* cs_441___multiple_viewUITests.swift in Sources */,
			);
			runOnlyForDeploymentPostprocessing = 0;
		};
/* End PBXSourcesBuildPhase section */

/* Begin PBXTargetDependency section */
		BAEA26B82360939C0066ADE3 /* PBXTargetDependency */ = {
			isa = PBXTargetDependency;
			target = BAEA269C2360939A0066ADE3 /* cs 441 - multiple view */;
			targetProxy = BAEA26B72360939C0066ADE3 /* PBXContainerItemProxy */;
		};
		BAEA26C32360939C0066ADE3 /* PBXTargetDependency */ = {
			isa = PBXTargetDependency;
			target = BAEA269C2360939A0066ADE3 /* cs 441 - multiple view */;
			targetProxy = BAEA26C22360939C0066ADE3 /* PBXContainerItemProxy */;
		};
/* End PBXTargetDependency section */

/* Begin PBXVariantGroup section */
		BAEA26AE2360939C0066ADE3 /* LaunchScreen.storyboard */ = {
			isa = PBXVariantGroup;
			children = (
				BAEA26AF2360939C0066ADE3 /* Base */,
			);
			name = LaunchScreen.storyboard;
			sourceTree = "<group>";
		};
/* End PBXVariantGroup section */

/* Begin XCBuildConfiguration section */
		BAEA26C82360939C0066ADE3 /* Debug */ = {
			isa = XCBuildConfiguration;
			buildSettings = {
				ALWAYS_SEARCH_USER_PATHS = NO;
				CLANG_ANALYZER_NONNULL = YES;
				CLANG_ANALYZER_NUMBER_OBJECT_CONVERSION = YES_AGGRESSIVE;
				CLANG_CXX_LANGUAGE_STANDARD = "gnu++14";
				CLANG_CXX_LIBRARY = "libc++";
				CLANG_ENABLE_MODULES = YES;
				CLANG_ENABLE_OBJC_ARC = YES;
				CLANG_ENABLE_OBJC_WEAK = YES;
				CLANG_WARN_BLOCK_CAPTURE_AUTORELEASING = YES;
				CLANG_WARN_BOOL_CONVERSION = YES;
				CLANG_WARN_COMMA = YES;
				CLANG_WARN_CONSTANT_CONVERSION = YES;
				CLANG_WARN_DEPRECATED_OBJC_IMPLEMENTATIONS = YES;
				CLANG_WARN_DIRECT_OBJC_ISA_USAGE = YES_ERROR;
				CLANG_WARN_DOCUMENTATION_COMMENTS = YES;
				CLANG_WARN_EMPTY_BODY = YES;
				CLANG_WARN_ENUM_CONVERSION = YES;
				CLANG_WARN_INFINITE_RECURSION = YES;
				CLANG_WARN_INT_CONVERSION = YES;
				CLANG_WARN_NON_LITERAL_NULL_CONVERSION = YES;
				CLANG_WARN_OBJC_IMPLICIT_RETAIN_SELF = YES;
				CLANG_WARN_OBJC_LITERAL_CONVERSION = YES;
				CLANG_WARN_OBJC_ROOT_CLASS = YES_ERROR;
				CLANG_WARN_RANGE_LOOP_ANALYSIS = YES;
				CLANG_WARN_STRICT_PROTOTYPES = YES;
				CLANG_WARN_SUSPICIOUS_MOVE = YES;
				CLANG_WARN_UNGUARDED_AVAILABILITY = YES_AGGRESSIVE;
				CLANG_WARN_UNREACHABLE_CODE = YES;
				CLANG_WARN__DUPLICATE_METHOD_MATCH = YES;
				COPY_PHASE_STRIP = NO;
				DEBUG_INFORMATION_FORMAT = dwarf;
				ENABLE_STRICT_OBJC_MSGSEND = YES;
				ENABLE_TESTABILITY = YES;
				GCC_C_LANGUAGE_STANDARD = gnu11;
				GCC_DYNAMIC_NO_PIC = NO;
				GCC_NO_COMMON_BLOCKS = YES;
				GCC_OPTIMIZATION_LEVEL = 0;
				GCC_PREPROCESSOR_DEFINITIONS = (
					"DEBUG=1",
					"$(inherited)",
				);
				GCC_WARN_64_TO_32_BIT_CONVERSION = YES;
				GCC_WARN_ABOUT_RETURN_TYPE = YES_ERROR;
				GCC_WARN_UNDECLARED_SELECTOR = YES;
				GCC_WARN_UNINITIALIZED_AUTOS = YES_AGGRESSIVE;
				GCC_WARN_UNUSED_FUNCTION = YES;
				GCC_WARN_UNUSED_VARIABLE = YES;
				IPHONEOS_DEPLOYMENT_TARGET = 13.1;
				MTL_ENABLE_DEBUG_INFO = INCLUDE_SOURCE;
				MTL_FAST_MATH = YES;
				ONLY_ACTIVE_ARCH = YES;
				SDKROOT = iphoneos;
				SWIFT_ACTIVE_COMPILATION_CONDITIONS = DEBUG;
				SWIFT_OPTIMIZATION_LEVEL = "-Onone";
			};
			name = Debug;
		};
		BAEA26C92360939C0066ADE3 /* Release */ = {
			isa = XCBuildConfiguration;
			buildSettings = {
				ALWAYS_SEARCH_USER_PATHS = NO;
				CLANG_ANALYZER_NONNULL = YES;
				CLANG_ANALYZER_NUMBER_OBJECT_CONVERSION = YES_AGGRESSIVE;
				CLANG_CXX_LANGUAGE_STANDARD = "gnu++14";
				CLANG_CXX_LIBRARY = "libc++";
				CLANG_ENABLE_MODULES = YES;
				CLANG_ENABLE_OBJC_ARC = YES;
				CLANG_ENABLE_OBJC_WEAK = YES;
				CLANG_WARN_BLOCK_CAPTURE_AUTORELEASING = YES;
				CLANG_WARN_BOOL_CONVERSION = YES;
				CLANG_WARN_COMMA = YES;
				CLANG_WARN_CONSTANT_CONVERSION = YES;
				CLANG_WARN_DEPRECATED_OBJC_IMPLEMENTATIONS = YES;
				CLANG_WARN_DIRECT_OBJC_ISA_USAGE = YES_ERROR;
				CLANG_WARN_DOCUMENTATION_COMMENTS = YES;
				CLANG_WARN_EMPTY_BODY = YES;
				CLANG_WARN_ENUM_CONVERSION = YES;
				CLANG_WARN_INFINITE_RECURSION = YES;
				CLANG_WARN_INT_CONVERSION = YES;
				CLANG_WARN_NON_LITERAL_NULL_CONVERSION = YES;
				CLANG_WARN_OBJC_IMPLICIT_RETAIN_SELF = YES;
				CLANG_WARN_OBJC_LITERAL_CONVERSION = YES;
				CLANG_WARN_OBJC_ROOT_CLASS = YES_ERROR;
				CLANG_WARN_RANGE_LOOP_ANALYSIS = YES;
				CLANG_WARN_STRICT_PROTOTYPES = YES;
				CLANG_WARN_SUSPICIOUS_MOVE = YES;
				CLANG_WARN_UNGUARDED_AVAILABILITY = YES_AGGRESSIVE;
				CLANG_WARN_UNREACHABLE_CODE = YES;
				CLANG_WARN__DUPLICATE_METHOD_MATCH = YES;
				COPY_PHASE_STRIP = NO;
				DEBUG_INFORMATION_FORMAT = "dwarf-with-dsym";
				ENABLE_NS_ASSERTIONS = NO;
				ENABLE_STRICT_OBJC_MSGSEND = YES;
				GCC_C_LANGUAGE_STANDARD = gnu11;
				GCC_NO_COMMON_BLOCKS = YES;
				GCC_WARN_64_TO_32_BIT_CONVERSION = YES;
				GCC_WARN_ABOUT_RETURN_TYPE = YES_ERROR;
				GCC_WARN_UNDECLARED_SELECTOR = YES;
				GCC_WARN_UNINITIALIZED_AUTOS = YES_AGGRESSIVE;
				GCC_WARN_UNUSED_FUNCTION = YES;
				GCC_WARN_UNUSED_VARIABLE = YES;
				IPHONEOS_DEPLOYMENT_TARGET = 13.1;
				MTL_ENABLE_DEBUG_INFO = NO;
				MTL_FAST_MATH = YES;
				SDKROOT = iphoneos;
				SWIFT_COMPILATION_MODE = wholemodule;
				SWIFT_OPTIMIZATION_LEVEL = "-O";
				VALIDATE_PRODUCT = YES;
			};
			name = Release;
		};
		BAEA26CB2360939C0066ADE3 /* Debug */ = {
			isa = XCBuildConfiguration;
			buildSettings = {
				ASSETCATALOG_COMPILER_APPICON_NAME = AppIcon;
				CODE_SIGN_STYLE = Automatic;
				DEVELOPMENT_ASSET_PATHS = "\"cs 441 - multiple view/Preview Content\"";
				DEVELOPMENT_TEAM = GSTTVLSUUK;
				ENABLE_PREVIEWS = YES;
				INFOPLIST_FILE = "cs 441 - multiple view/Info.plist";
				LD_RUNPATH_SEARCH_PATHS = (
					"$(inherited)",
					"@executable_path/Frameworks",
				);
				PRODUCT_BUNDLE_IDENTIFIER = "henrychen.cs-441---multiple-view";
				PRODUCT_NAME = "$(TARGET_NAME)";
				SWIFT_VERSION = 5.0;
				TARGETED_DEVICE_FAMILY = "1,2";
			};
			name = Debug;
		};
		BAEA26CC2360939C0066ADE3 /* Release */ = {
			isa = XCBuildConfiguration;
			buildSettings = {
				ASSETCATALOG_COMPILER_APPICON_NAME = AppIcon;
				CODE_SIGN_STYLE = Automatic;
				DEVELOPMENT_ASSET_PATHS = "\"cs 441 - multiple view/Preview Content\"";
				DEVELOPMENT_TEAM = GSTTVLSUUK;
				ENABLE_PREVIEWS = YES;
				INFOPLIST_FILE = "cs 441 - multiple view/Info.plist";
				LD_RUNPATH_SEARCH_PATHS = (
					"$(inherited)",
					"@executable_path/Frameworks",
				);
				PRODUCT_BUNDLE_IDENTIFIER = "henrychen.cs-441---multiple-view";
				PRODUCT_NAME = "$(TARGET_NAME)";
				SWIFT_VERSION = 5.0;
				TARGETED_DEVICE_FAMILY = "1,2";
			};
			name = Release;
		};
		BAEA26CE2360939C0066ADE3 /* Debug */ = {
			isa = XCBuildConfiguration;
			buildSettings = {
				ALWAYS_EMBED_SWIFT_STANDARD_LIBRARIES = YES;
				BUNDLE_LOADER = "$(TEST_HOST)";
				CODE_SIGN_STYLE = Automatic;
				DEVELOPMENT_TEAM = GSTTVLSUUK;
				INFOPLIST_FILE = "cs 441 - multiple viewTests/Info.plist";
				IPHONEOS_DEPLOYMENT_TARGET = 13.1;
				LD_RUNPATH_SEARCH_PATHS = (
					"$(inherited)",
					"@executable_path/Frameworks",
					"@loader_path/Frameworks",
				);
				PRODUCT_BUNDLE_IDENTIFIER = "henrychen.cs-441---multiple-viewTests";
				PRODUCT_NAME = "$(TARGET_NAME)";
				SWIFT_VERSION = 5.0;
				TARGETED_DEVICE_FAMILY = "1,2";
				TEST_HOST = "$(BUILT_PRODUCTS_DIR)/cs 441 - multiple view.app/cs 441 - multiple view";
			};
			name = Debug;
		};
		BAEA26CF2360939C0066ADE3 /* Release */ = {
			isa = XCBuildConfiguration;
			buildSettings = {
				ALWAYS_EMBED_SWIFT_STANDARD_LIBRARIES = YES;
				BUNDLE_LOADER = "$(TEST_HOST)";
				CODE_SIGN_STYLE = Automatic;
				DEVELOPMENT_TEAM = GSTTVLSUUK;
				INFOPLIST_FILE = "cs 441 - multiple viewTests/Info.plist";
				IPHONEOS_DEPLOYMENT_TARGET = 13.1;
				LD_RUNPATH_SEARCH_PATHS = (
					"$(inherited)",
					"@executable_path/Frameworks",
					"@loader_path/Frameworks",
				);
				PRODUCT_BUNDLE_IDENTIFIER = "henrychen.cs-441---multiple-viewTests";
				PRODUCT_NAME = "$(TARGET_NAME)";
				SWIFT_VERSION = 5.0;
				TARGETED_DEVICE_FAMILY = "1,2";
				TEST_HOST = "$(BUILT_PRODUCTS_DIR)/cs 441 - multiple view.app/cs 441 - multiple view";
			};
			name = Release;
		};
		BAEA26D12360939C0066ADE3 /* Debug */ = {
			isa = XCBuildConfiguration;
			buildSettings = {
				ALWAYS_EMBED_SWIFT_STANDARD_LIBRARIES = YES;
				CODE_SIGN_STYLE = Automatic;
				DEVELOPMENT_TEAM = GSTTVLSUUK;
				INFOPLIST_FILE = "cs 441 - multiple viewUITests/Info.plist";
				LD_RUNPATH_SEARCH_PATHS = (
					"$(inherited)",
					"@executable_path/Frameworks",
					"@loader_path/Frameworks",
				);
				PRODUCT_BUNDLE_IDENTIFIER = "henrychen.cs-441---multiple-viewUITests";
				PRODUCT_NAME = "$(TARGET_NAME)";
				SWIFT_VERSION = 5.0;
				TARGETED_DEVICE_FAMILY = "1,2";
				TEST_TARGET_NAME = "cs 441 - multiple view";
			};
			name = Debug;
		};
		BAEA26D22360939C0066ADE3 /* Release */ = {
			isa = XCBuildConfiguration;
			buildSettings = {
				ALWAYS_EMBED_SWIFT_STANDARD_LIBRARIES = YES;
				CODE_SIGN_STYLE = Automatic;
				DEVELOPMENT_TEAM = GSTTVLSUUK;
				INFOPLIST_FILE = "cs 441 - multiple viewUITests/Info.plist";
				LD_RUNPATH_SEARCH_PATHS = (
					"$(inherited)",
					"@executable_path/Frameworks",
					"@loader_path/Frameworks",
				);
				PRODUCT_BUNDLE_IDENTIFIER = "henrychen.cs-441---multiple-viewUITests";
				PRODUCT_NAME = "$(TARGET_NAME)";
				SWIFT_VERSION = 5.0;
				TARGETED_DEVICE_FAMILY = "1,2";
				TEST_TARGET_NAME = "cs 441 - multiple view";
			};
			name = Release;
		};
/* End XCBuildConfiguration section */

/* Begin XCConfigurationList section */
		BAEA26982360939A0066ADE3 /* Build configuration list for PBXProject "cs 441 - multiple view" */ = {
			isa = XCConfigurationList;
			buildConfigurations = (
				BAEA26C82360939C0066ADE3 /* Debug */,
				BAEA26C92360939C0066ADE3 /* Release */,
			);
			defaultConfigurationIsVisible = 0;
			defaultConfigurationName = Release;
		};
		BAEA26CA2360939C0066ADE3 /* Build configuration list for PBXNativeTarget "cs 441 - multiple view" */ = {
			isa = XCConfigurationList;
			buildConfigurations = (
				BAEA26CB2360939C0066ADE3 /* Debug */,
				BAEA26CC2360939C0066ADE3 /* Release */,
			);
			defaultConfigurationIsVisible = 0;
			defaultConfigurationName = Release;
		};
		BAEA26CD2360939C0066ADE3 /* Build configuration list for PBXNativeTarget "cs 441 - multiple viewTests" */ = {
			isa = XCConfigurationList;
			buildConfigurations = (
				BAEA26CE2360939C0066ADE3 /* Debug */,
				BAEA26CF2360939C0066ADE3 /* Release */,
			);
			defaultConfigurationIsVisible = 0;
			defaultConfigurationName = Release;
		};
		BAEA26D02360939C0066ADE3 /* Build configuration list for PBXNativeTarget "cs 441 - multiple viewUITests" */ = {
			isa = XCConfigurationList;
			buildConfigurations = (
				BAEA26D12360939C0066ADE3 /* Debug */,
				BAEA26D22360939C0066ADE3 /* Release */,
			);
			defaultConfigurationIsVisible = 0;
			defaultConfigurationName = Release;
		};
/* End XCConfigurationList section */

/* Begin XCVersionGroup section */
		BAEA26A42360939A0066ADE3 /* cs_441___multiple_view.xcdatamodeld */ = {
			isa = XCVersionGroup;
			children = (
				BAEA26A52360939A0066ADE3 /* cs_441___multiple_view.xcdatamodel */,
			);
			currentVersion = BAEA26A52360939A0066ADE3 /* cs_441___multiple_view.xcdatamodel */;
			path = "cs_441___multiple_view.xcdatamodeld";
			sourceTree = "<group>";
			versionGroupType = wrapper.xcdatamodel;
		};
/* End XCVersionGroup section */
	};
	rootObject = BAEA26952360939A0066ADE3 /* Project object */;
}
